
Microsoft Visual Studio Solution File, Format Version 12.00
# Visual Studio Version 17
VisualStudioVersion = 17.14.36603.0 d17.14
MinimumVisualStudioVersion = 10.0.40219.1
Project("{8BC9CEB8-8B4A-11D0-8D11-00A0C91BC942}") = "laba4zav1", "laba4zav1\laba4zav1.vcxproj", "{CD6DFF6C-70A1-84E4-B297-9BF4D911DC10}"
EndProject
Global
	GlobalSection(SolutionConfigurationPlatforms) = preSolution
		Debug|x64 = Debug|x64
		Debug|x86 = Debug|x86
		Release|x64 = Release|x64
		Release|x86 = Release|x86
	EndGlobalSection
	GlobalSection(ProjectConfigurationPlatforms) = postSolution
		{CD6DFF6C-70A1-84E4-B297-9BF4D911DC10}.Debug|x64.ActiveCfg = Debug|x64
		{CD6DFF6C-70A1-84E4-B297-9BF4D911DC10}.Debug|x64.Build.0 = Debug|x64
		{CD6DFF6C-70A1-84E4-B297-9BF4D911DC10}.Debug|x86.ActiveCfg = Debug|Win32
		{CD6DFF6C-70A1-84E4-B297-9BF4D911DC10}.Debug|x86.Build.0 = Debug|Win32
		{CD6DFF6C-70A1-84E4-B297-9BF4D911DC10}.Release|x64.ActiveCfg = Release|x64
		{CD6DFF6C-70A1-84E4-B297-9BF4D911DC10}.Release|x64.Build.0 = Release|x64
		{CD6DFF6C-70A1-84E4-B297-9BF4D911DC10}.Release|x86.ActiveCfg = Release|Win32
		{CD6DFF6C-70A1-84E4-B297-9BF4D911DC10}.Release|x86.Build.0 = Release|Win32
	EndGlobalSection
	GlobalSection(SolutionProperties) = preSolution
		HideSolutionNode = FALSE
	EndGlobalSection
	GlobalSection(ExtensibilityGlobals) = postSolution
		SolutionGuid = {951FB92D-13D5-48D0-88B1-ECDDE06BFD73}
	EndGlobalSection
EndGlobal
